{
  "requires": true,
  "lockfileVersion": 1,
  "dependencies": {
    "node-pid-controller": {
      "version": "1.0.1",
      "resolved": "https://registry.npmjs.org/node-pid-controller/-/node-pid-controller-1.0.1.tgz",
      "integrity": "sha512-36gdeRz2emhIsznLpXksJSqmR13NU3vR+rkRlfHWCGGlZu9fK+dcTPRpud0FiH6b2Nhwm0kbcVk7vXFlg8Sw1w=="
    }
  }
}
